// !$*UTF8*$!
{
	archiveVersion = 1;
	classes = {
	};
	objectVersion = 46;
	objects = {

/* Begin PBXBuildFile section */
		2A362C3C1CF4F53400C1553E /* AppDelegate.swift in Sources */ = {isa = PBXBuildFile; fileRef = 2A362C3B1CF4F53400C1553E /* AppDelegate.swift */; };
		2A362C3E1CF4F53400C1553E /* ViewController.swift in Sources */ = {isa = PBXBuildFile; fileRef = 2A362C3D1CF4F53400C1553E /* ViewController.swift */; };
		2A362C411CF4F53400C1553E /* Main.storyboard in Resources */ = {isa = PBXBuildFile; fileRef = 2A362C3F1CF4F53400C1553E /* Main.storyboard */; };
		2A362C441CF4F53400C1553E /* __Bit_Calculator.xcdatamodeld in Sources */ = {isa = PBXBuildFile; fileRef = 2A362C421CF4F53400C1553E /* __Bit_Calculator.xcdatamodeld */; };
		2A362C461CF4F53400C1553E /* Assets.xcassets in Resources */ = {isa = PBXBuildFile; fileRef = 2A362C451CF4F53400C1553E /* Assets.xcassets */; };
		2A362C491CF4F53400C1553E /* LaunchScreen.storyboard in Resources */ = {isa = PBXBuildFile; fileRef = 2A362C471CF4F53400C1553E /* LaunchScreen.storyboard */; };
/* End PBXBuildFile section */

/* Begin PBXFileReference section */
		2A362C381CF4F53400C1553E /* 8 Bit Calculator.app */ = {isa = PBXFileReference; explicitFileType = wrapper.application; includeInIndex = 0; path = "8 Bit Calculator.app"; sourceTree = BUILT_PRODUCTS_DIR; };
		2A362C3B1CF4F53400C1553E /* AppDelegate.swift */ = {isa = PBXFileReference; lastKnownFileType = sourcecode.swift; path = AppDelegate.swift; sourceTree = "<group>"; };
		2A362C3D1CF4F53400C1553E /* ViewController.swift */ = {isa = PBXFileReference; lastKnownFileType = sourcecode.swift; path = ViewController.swift; sourceTree = "<group>"; };
		2A362C401CF4F53400C1553E /* Base */ = {isa = PBXFileReference; lastKnownFileType = file.storyboard; name = Base; path = Base.lproj/Main.storyboard; sourceTree = "<group>"; };
		2A362C431CF4F53400C1553E /* __Bit_Calculator.xcdatamodel */ = {isa = PBXFileReference; lastKnownFileType = wrapper.xcdatamodel; path = __Bit_Calculator.xcdatamodel; sourceTree = "<group>"; };
		2A362C451CF4F53400C1553E /* Assets.xcassets */ = {isa = PBXFileReference; lastKnownFileType = folder.assetcatalog; path = Assets.xcassets; sourceTree = "<group>"; };
		2A362C481CF4F53400C1553E /* Base */ = {isa = PBXFileReference; lastKnownFileType = file.storyboard; name = Base; path = Base.lproj/LaunchScreen.storyboard; sourceTree = "<group>"; };
		2A362C4A1CF4F53400C1553E /* Info.plist */ = {isa = PBXFileReference; lastKnownFileType = text.plist.xml; path = Info.plist; sourceTree = "<group>"; };
/* End PBXFileReference section */

/* Begin PBXFrameworksBuildPhase section */
		2A362C351CF4F53400C1553E /* Frameworks */ = {
			isa = PBXFrameworksBuildPhase;
			buildActionMask = 2147483647;
			files = (
			);
			runOnlyForDeploymentPostprocessing = 0;
		};
/* End PBXFrameworksBuildPhase section */

/* Begin PBXGroup section */
		2A362C2F1CF4F53400C1553E = {
			isa = PBXGroup;
			children = (
				2A362C3A1CF4F53400C1553E /* 8 Bit Calculator */,
				2A362C391CF4F53400C1553E /* Products */,
			);
			sourceTree = "<group>";
		};
		2A362C391CF4F53400C1553E /* Products */ = {
			isa = PBXGroup;
			children = (
				2A362C381CF4F53400C1553E /* 8 Bit Calculator.app */,
			);
			name = Products;
			sourceTree = "<group>";
		};
		2A362C3A1CF4F53400C1553E /* 8 Bit Calculator */ = {
			isa = PBXGroup;
			children = (
				2A362C3B1CF4F53400C1553E /* AppDelegate.swift */,
				2A362C3D1CF4F53400C1553E /* ViewController.swift */,
				2A362C3F1CF4F53400C1553E /* Main.storyboard */,
				2A362C451CF4F53400C1553E /* Assets.xcassets */,
				2A362C471CF4F53400C1553E /* LaunchScreen.storyboard */,
				2A362C4A1CF4F53400C1553E /* Info.plist */,
				2A362C421CF4F53400C1553E /* __Bit_Calculator.xcdatamodeld */,
			);
			path = "8 Bit Calculator";
			sourceTree = "<group>";
		};
/* End PBXGroup section */

/* Begin PBXNativeTarget section */
		2A362C371CF4F53400C1553E /* 8 Bit Calculator */ = {
			isa = PBXNativeTarget;
			buildConfigurationList = 2A362C4D1CF4F53400C1553E /* Build configuration list for PBXNativeTarget "8 Bit Calculator" */;
			buildPhases = (
				2A362C341CF4F53400C1553E /* Sources */,
				2A362C351CF4F53400C1553E /* Frameworks */,
				2A362C361CF4F53400C1553E /* Resources */,
			);
			buildRules = (
			);
			dependencies = (
			);
			name = "8 Bit Calculator";
			productName = "8 Bit Calculator";
			productReference = 2A362C381CF4F53400C1553E /* 8 Bit Calculator.app */;
			productType = "com.apple.product-type.application";
		};
/* End PBXNativeTarget section */

/* Begin PBXProject section */
		2A362C301CF4F53400C1553E /* Project object */ = {
			isa = PBXProject;
			attributes = {
				LastSwiftUpdateCheck = 0730;
				LastUpgradeCheck = 0730;
				ORGANIZATIONNAME = "Loomba Apps";
				TargetAttributes = {
					2A362C371CF4F53400C1553E = {
						CreatedOnToolsVersion = 7.3;
					};
				};
			};
			buildConfigurationList = 2A362C331CF4F53400C1553E /* Build configuration list for PBXProject "8 Bit Calculator" */;
			compatibilityVersion = "Xcode 3.2";
			developmentRegion = English;
			hasScannedForEncodings = 0;
			knownRegions = (
				en,
				Base,
			);
			mainGroup = 2A362C2F1CF4F53400C1553E;
			productRefGroup = 2A362C391CF4F53400C1553E /* Products */;
			projectDirPath = "";
			projectRoot = "";
			targets = (
				2A362C371CF4F53400C1553E /* 8 Bit Calculator */,
			);
		};
/* End PBXProject section */

/* Begin PBXResourcesBuildPhase section */
		2A362C361CF4F53400C1553E /* Resources */ = {
			isa = PBXResourcesBuildPhase;
			buildActionMask = 2147483647;
			files = (
				2A362C491CF4F53400C1553E /* LaunchScreen.storyboard in Resources */,
				2A362C461CF4F53400C1553E /* Assets.xcassets in Resources */,
				2A362C411CF4F53400C1553E /* Main.storyboard in Resources */,
			);
			runOnlyForDeploymentPostprocessing = 0;
		};
/* End PBXResourcesBuildPhase section */

/* Begin PBXSourcesBuildPhase section */
		2A362C341CF4F53400C1553E /* Sources */ = {
			isa = PBXSourcesBuildPhase;
			buildActionMask = 2147483647;
			files = (
				2A362C3E1CF4F53400C1553E /* ViewController.swift in Sources */,
				2A362C3C1CF4F53400C1553E /* AppDelegate.swift in Sources */,
				2A362C441CF4F53400C1553E /* __Bit_Calculator.xcdatamodeld in Sources */,
			);
			runOnlyForDeploymentPostprocessing = 0;
		};
/* End PBXSourcesBuildPhase section */

/* Begin PBXVariantGroup section */
		2A362C3F1CF4F53400C1553E /* Main.storyboard */ = {
			isa = PBXVariantGroup;
			children = (
				2A362C401CF4F53400C1553E /* Base */,
			);
			name = Main.storyboard;
			sourceTree = "<group>";
		};
		2A362C471CF4F53400C1553E /* LaunchScreen.storyboard */ = {
			isa = PBXVariantGroup;
			children = (
				2A362C481CF4F53400C1553E /* Base */,
			);
			name = LaunchScreen.storyboard;
			sourceTree = "<group>";
		};
/* End PBXVariantGroup section */

/* Begin XCBuildConfiguration section */
		2A362C4B1CF4F53400C1553E /* Debug */ = {
			isa = XCBuildConfiguration;
			buildSettings = {
				ALWAYS_SEARCH_USER_PATHS = NO;
				CLANG_ANALYZER_NONNULL = YES;
				CLANG_CXX_LANGUAGE_STANDARD = "gnu++0x";
				CLANG_CXX_LIBRARY = "libc++";
				CLANG_ENABLE_MODULES = YES;
				CLANG_ENABLE_OBJC_ARC = YES;
				CLANG_WARN_BOOL_CONVERSION = YES;
				CLANG_WARN_CONSTANT_CONVERSION = YES;
				CLANG_WARN_DIRECT_OBJC_ISA_USAGE = YES_ERROR;
				CLANG_WARN_EMPTY_BODY = YES;
				CLANG_WARN_ENUM_CONVERSION = YES;
				CLANG_WARN_INT_CONVERSION = YES;
				CLANG_WARN_OBJC_ROOT_CLASS = YES_ERROR;
				CLANG_WARN_UNREACHABLE_CODE = YES;
				CLANG_WARN__DUPLICATE_METHOD_MATCH = YES;
				"CODE_SIGN_IDENTITY[sdk=iphoneos*]" = "iPhone Developer";
				COPY_PHASE_STRIP = NO;
				DEBUG_INFORMATION_FORMAT = dwarf;
				ENABLE_STRICT_OBJC_MSGSEND = YES;
				ENABLE_TESTABILITY = YES;
				GCC_C_LANGUAGE_STANDARD = gnu99;
				GCC_DYNAMIC_NO_PIC = NO;
				GCC_NO_COMMON_BLOCKS = YES;
				GCC_OPTIMIZATION_LEVEL = 0;
				GCC_PREPROCESSOR_DEFINITIONS = (
					"DEBUG=1",
					"$(inherited)",
				);
				GCC_WARN_64_TO_32_BIT_CONVERSION = YES;
				GCC_WARN_ABOUT_RETURN_TYPE = YES_ERROR;
				GCC_WARN_UNDECLARED_SELECTOR = YES;
				GCC_WARN_UNINITIALIZED_AUTOS = YES_AGGRESSIVE;
				GCC_WARN_UNUSED_FUNCTION = YES;
				GCC_WARN_UNUSED_VARIABLE = YES;
				IPHONEOS_DEPLOYMENT_TARGET = 9.3;
				MTL_ENABLE_DEBUG_INFO = YES;
				ONLY_ACTIVE_ARCH = YES;
				SDKROOT = iphoneos;
				SWIFT_OPTIMIZATION_LEVEL = "-Onone";
				TARGETED_DEVICE_FAMILY = "1,2";
			};
			name = Debug;
		};
		2A362C4C1CF4F53400C1553E /* Release */ = {
			isa = XCBuildConfiguration;
			buildSettings = {
				ALWAYS_SEARCH_USER_PATHS = NO;
				CLANG_ANALYZER_NONNULL = YES;
				CLANG_CXX_LANGUAGE_STANDARD = "gnu++0x";
				CLANG_CXX_LIBRARY = "libc++";
				CLANG_ENABLE_MODULES = YES;
				CLANG_ENABLE_OBJC_ARC = YES;
				CLANG_WARN_BOOL_CONVERSION = YES;
				CLANG_WARN_CONSTANT_CONVERSION = YES;
				CLANG_WARN_DIRECT_OBJC_ISA_USAGE = YES_ERROR;
				CLANG_WARN_EMPTY_BODY = YES;
				CLANG_WARN_ENUM_CONVERSION = YES;
				CLANG_WARN_INT_CONVERSION = YES;
				CLANG_WARN_OBJC_ROOT_CLASS = YES_ERROR;
				CLANG_WARN_UNREACHABLE_CODE = YES;
				CLANG_WARN__DUPLICATE_METHOD_MATCH = YES;
				"CODE_SIGN_IDENTITY[sdk=iphoneos*]" = "iPhone Developer";
				COPY_PHASE_STRIP = NO;
				DEBUG_INFORMATION_FORMAT = "dwarf-with-dsym";
				ENABLE_NS_ASSERTIONS = NO;
				ENABLE_STRICT_OBJC_MSGSEND = YES;
				GCC_C_LANGUAGE_STANDARD = gnu99;
				GCC_NO_COMMON_BLOCKS = YES;
				GCC_WARN_64_TO_32_BIT_CONVERSION = YES;
				GCC_WARN_ABOUT_RETURN_TYPE = YES_ERROR;
				GCC_WARN_UNDECLARED_SELECTOR = YES;
				GCC_WARN_UNINITIALIZED_AUTOS = YES_AGGRESSIVE;
				GCC_WARN_UNUSED_FUNCTION = YES;
				GCC_WARN_UNUSED_VARIABLE = YES;
				IPHONEOS_DEPLOYMENT_TARGET = 9.3;
				MTL_ENABLE_DEBUG_INFO = NO;
				SDKROOT = iphoneos;
				TARGETED_DEVICE_FAMILY = "1,2";
				VALIDATE_PRODUCT = YES;
			};
			name = Release;
		};
		2A362C4E1CF4F53400C1553E /* Debug */ = {
			isa = XCBuildConfiguration;
			buildSettings = {
				ASSETCATALOG_COMPILER_APPICON_NAME = AppIcon;
				INFOPLIST_FILE = "8 Bit Calculator/Info.plist";
				LD_RUNPATH_SEARCH_PATHS = "$(inherited) @executable_path/Frameworks";
				PRODUCT_BUNDLE_IDENTIFIER = "com.LoombaApps.--Bit-Calculator";
				PRODUCT_NAME = "$(TARGET_NAME)";
			};
			name = Debug;
		};
		2A362C4F1CF4F53400C1553E /* Release */ = {
			isa = XCBuildConfiguration;
			buildSettings = {
				ASSETCATALOG_COMPILER_APPICON_NAME = AppIcon;
				INFOPLIST_FILE = "8 Bit Calculator/Info.plist";
				LD_RUNPATH_SEARCH_PATHS = "$(inherited) @executable_path/Frameworks";
				PRODUCT_BUNDLE_IDENTIFIER = "com.LoombaApps.--Bit-Calculator";
				PRODUCT_NAME = "$(TARGET_NAME)";
			};
			name = Release;
		};
/* End XCBuildConfiguration section */

/* Begin XCConfigurationList section */
		2A362C331CF4F53400C1553E /* Build configuration list for PBXProject "8 Bit Calculator" */ = {
			isa = XCConfigurationList;
			buildConfigurations = (
				2A362C4B1CF4F53400C1553E /* Debug */,
				2A362C4C1CF4F53400C1553E /* Release */,
			);
			defaultConfigurationIsVisible = 0;
			defaultConfigurationName = Release;
		};
		2A362C4D1CF4F53400C1553E /* Build configuration list for PBXNativeTarget "8 Bit Calculator" */ = {
			isa = XCConfigurationList;
			buildConfigurations = (
				2A362C4E1CF4F53400C1553E /* Debug */,
				2A362C4F1CF4F53400C1553E /* Release */,
			);
			defaultConfigurationIsVisible = 0;
		};
/* End XCConfigurationList section */

/* Begin XCVersionGroup section */
		2A362C421CF4F53400C1553E /* __Bit_Calculator.xcdatamodeld */ = {
			isa = XCVersionGroup;
			children = (
				2A362C431CF4F53400C1553E /* __Bit_Calculator.xcdatamodel */,
			);
			currentVersion = 2A362C431CF4F53400C1553E /* __Bit_Calculator.xcdatamodel */;
			path = __Bit_Calculator.xcdatamodeld;
			sourceTree = "<group>";
			versionGroupType = wrapper.xcdatamodel;
		};
/* End XCVersionGroup section */
	};
	rootObject = 2A362C301CF4F53400C1553E /* Project object */;
}
